
Microsoft Visual Studio Solution File, Format Version 12.00
# Visual Studio Version 17
VisualStudioVersion = 17.14.36616.10
MinimumVisualStudioVersion = 10.0.40219.1
Project("{FAE04EC0-301F-11D3-BF4B-00C04F79EFBC}") = "HomeDeal", "HomeDeal\HomeDeal.csproj", "{B423073E-7D0F-4CA4-9D48-D83D3ED729F7}"
EndProject
Project("{FAE04EC0-301F-11D3-BF4B-00C04F79EFBC}") = "HomeDeal.Service", "HomeDeal.Service\HomeDeal.Service.csproj", "{A8E8398A-4F68-4BEF-A5C1-5F6CFCAAAFFF}"
EndProject
Project("{FAE04EC0-301F-11D3-BF4B-00C04F79EFBC}") = "HomeDeal.Core", "HomeDeal.core\HomeDeal.Core.csproj", "{1B598689-F8B8-44FB-902B-51E2EFE4A4E2}"
EndProject
Project("{FAE04EC0-301F-11D3-BF4B-00C04F79EFBC}") = "HomeDeal.Data", "HomeDeal.Data\HomeDeal.Data.csproj", "{07F5628B-314D-4FA1-BB36-670F0FF99F26}"
EndProject
Global
	GlobalSection(SolutionConfigurationPlatforms) = preSolution
		Debug|Any CPU = Debug|Any CPU
		Release|Any CPU = Release|Any CPU
	EndGlobalSection
	GlobalSection(ProjectConfigurationPlatforms) = postSolution
		{B423073E-7D0F-4CA4-9D48-D83D3ED729F7}.Debug|Any CPU.ActiveCfg = Debug|Any CPU
		{B423073E-7D0F-4CA4-9D48-D83D3ED729F7}.Debug|Any CPU.Build.0 = Debug|Any CPU
		{B423073E-7D0F-4CA4-9D48-D83D3ED729F7}.Release|Any CPU.ActiveCfg = Release|Any CPU
		{B423073E-7D0F-4CA4-9D48-D83D3ED729F7}.Release|Any CPU.Build.0 = Release|Any CPU
		{A8E8398A-4F68-4BEF-A5C1-5F6CFCAAAFFF}.Debug|Any CPU.ActiveCfg = Debug|Any CPU
		{A8E8398A-4F68-4BEF-A5C1-5F6CFCAAAFFF}.Debug|Any CPU.Build.0 = Debug|Any CPU
		{A8E8398A-4F68-4BEF-A5C1-5F6CFCAAAFFF}.Release|Any CPU.ActiveCfg = Release|Any CPU
		{A8E8398A-4F68-4BEF-A5C1-5F6CFCAAAFFF}.Release|Any CPU.Build.0 = Release|Any CPU
		{1B598689-F8B8-44FB-902B-51E2EFE4A4E2}.Debug|Any CPU.ActiveCfg = Debug|Any CPU
		{1B598689-F8B8-44FB-902B-51E2EFE4A4E2}.Debug|Any CPU.Build.0 = Debug|Any CPU
		{1B598689-F8B8-44FB-902B-51E2EFE4A4E2}.Release|Any CPU.ActiveCfg = Release|Any CPU
		{1B598689-F8B8-44FB-902B-51E2EFE4A4E2}.Release|Any CPU.Build.0 = Release|Any CPU
		{07F5628B-314D-4FA1-BB36-670F0FF99F26}.Debug|Any CPU.ActiveCfg = Debug|Any CPU
		{07F5628B-314D-4FA1-BB36-670F0FF99F26}.Debug|Any CPU.Build.0 = Debug|Any CPU
		{07F5628B-314D-4FA1-BB36-670F0FF99F26}.Release|Any CPU.ActiveCfg = Release|Any CPU
		{07F5628B-314D-4FA1-BB36-670F0FF99F26}.Release|Any CPU.Build.0 = Release|Any CPU
	EndGlobalSection
	GlobalSection(SolutionProperties) = preSolution
		HideSolutionNode = FALSE
	EndGlobalSection
	GlobalSection(ExtensibilityGlobals) = postSolution
		SolutionGuid = {126BC778-A770-4549-9F90-61EF42AEA60E}
	EndGlobalSection
EndGlobal
